{
  "name": "data-explaining-tool",
  "version": "0.1.0",
  "lockfileVersion": 1,
  "requires": true,
  "dependencies": {
    "visual-insights": {
      "version": "0.4.10",
      "resolved": "https://registry.npmjs.org/visual-insights/-/visual-insights-0.4.10.tgz",
      "integrity": "sha512-bj+eWXqGlo2BGcrxfFIQoSAPRkyIhznqCsT06L/CCW3GvFO5hthaGrK930piUQ5EoAiUeltYFUeRdR0Noyou9A==",
      "requires": {
        "cube-core": "^2.13.0"
      },
      "dependencies": {
        "cube-core": {
          "version": "2.13.0",
          "resolved": "https://registry.npmjs.org/cube-core/-/cube-core-2.13.0.tgz",
          "integrity": "sha512-hUUu//tVQmJ+sV9S61274iWUB/CIPRNwnALzVd5PVWtYk3d2KBRc/DTZn7JZB+UWFKqL7KHYf0wSnFy3lofuDw=="
        }
      }
    }
  }
}
